{
  "originHash" : "501e1b980947b251f83b154bb9736d5b43180cfa9093f7c42126932751f600a3",
  "pins" : [
    {
      "identity" : "swift-syntax",
      "kind" : "remoteSourceControl",
      "location" : "https://github.com/swiftlang/swift-syntax.git",
      "state" : {
        "revision" : "06b5cdc432e93b60e3bdf53aff2857c6b312991a",
        "version" : "600.0.0-prerelease-2024-07-30"
      }
    },
    {
      "identity" : "swift-testing",
      "kind" : "remoteSourceControl",
      "location" : "https://github.com/apple/swift-testing",
      "state" : {
        "revision" : "6155e83dbaa2696d13bcd0079665b6a6daaf6dc8",
        "version" : "0.11.0"
      }
    }
  ],
  "version" : 3
}
