// !$*UTF8*$!
{
	archiveVersion = 1;
	classes = {
	};
	objectVersion = 56;
	objects = {

/* Begin PBXBuildFile section */
		B559E6762B96EDD3002218EB /* Product.swift in Sources */ = {isa = PBXBuildFile; fileRef = B559E6752B96EDD3002218EB /* Product.swift */; };
		B559E6782B96EDFC002218EB /* ProductCell.swift in Sources */ = {isa = PBXBuildFile; fileRef = B559E6772B96EDFC002218EB /* ProductCell.swift */; };
		B559E67A2B977A45002218EB /* AddToCartButton.swift in Sources */ = {isa = PBXBuildFile; fileRef = B559E6792B977A45002218EB /* AddToCartButton.swift */; };
		B559E67D2B977B43002218EB /* PlusMinusButton.swift in Sources */ = {isa = PBXBuildFile; fileRef = B559E67C2B977B43002218EB /* PlusMinusButton.swift */; };
		B559E6842B97856E002218EB /* CartStore.swift in Sources */ = {isa = PBXBuildFile; fileRef = B559E6832B97856E002218EB /* CartStore.swift */; };
		B559E6862B978624002218EB /* CartItem.swift in Sources */ = {isa = PBXBuildFile; fileRef = B559E6852B978624002218EB /* CartItem.swift */; };
		B559E6882B97A6EE002218EB /* ProductStore.swift in Sources */ = {isa = PBXBuildFile; fileRef = B559E6872B97A6EE002218EB /* ProductStore.swift */; };
		B559E68B2B982E6E002218EB /* APIClient.swift in Sources */ = {isa = PBXBuildFile; fileRef = B559E68A2B982E6E002218EB /* APIClient.swift */; };
		B559E6962B984D84002218EB /* ProductList.swift in Sources */ = {isa = PBXBuildFile; fileRef = B559E6952B984D84002218EB /* ProductList.swift */; };
		B559E69B2B9994AD002218EB /* CartListView.swift in Sources */ = {isa = PBXBuildFile; fileRef = B559E69A2B9994AD002218EB /* CartListView.swift */; };
		B559E69D2B9995B8002218EB /* CartCell.swift in Sources */ = {isa = PBXBuildFile; fileRef = B559E69C2B9995B8002218EB /* CartCell.swift */; };
		B559E69F2B9A66D7002218EB /* UserProfile.swift in Sources */ = {isa = PBXBuildFile; fileRef = B559E69E2B9A66D7002218EB /* UserProfile.swift */; };
		B559E6A22B9A671B002218EB /* ProfileView.swift in Sources */ = {isa = PBXBuildFile; fileRef = B559E6A12B9A671B002218EB /* ProfileView.swift */; };
		B559E6A42B9A67B9002218EB /* AccountStore.swift in Sources */ = {isa = PBXBuildFile; fileRef = B559E6A32B9A67B9002218EB /* AccountStore.swift */; };
		B559E6A72B9A7B5F002218EB /* RootView.swift in Sources */ = {isa = PBXBuildFile; fileRef = B559E6A62B9A7B5F002218EB /* RootView.swift */; };
		B559E6B02B9AF88D002218EB /* OnlineStoreMVTests.swift in Sources */ = {isa = PBXBuildFile; fileRef = B559E6AF2B9AF88D002218EB /* OnlineStoreMVTests.swift */; };
		B559E6B92B9AF8C3002218EB /* CartStoreTest.swift in Sources */ = {isa = PBXBuildFile; fileRef = B559E6B82B9AF8C3002218EB /* CartStoreTest.swift */; };
		B58F25E82B96E58E000CAD57 /* OnlineStoreMVApp.swift in Sources */ = {isa = PBXBuildFile; fileRef = B58F25E72B96E58E000CAD57 /* OnlineStoreMVApp.swift */; };
		B58F25EC2B96E58F000CAD57 /* Assets.xcassets in Resources */ = {isa = PBXBuildFile; fileRef = B58F25EB2B96E58F000CAD57 /* Assets.xcassets */; };
		B58F25F02B96E58F000CAD57 /* Preview Assets.xcassets in Resources */ = {isa = PBXBuildFile; fileRef = B58F25EF2B96E58F000CAD57 /* Preview Assets.xcassets */; };
/* End PBXBuildFile section */

/* Begin PBXContainerItemProxy section */
		B559E6B12B9AF88D002218EB /* PBXContainerItemProxy */ = {
			isa = PBXContainerItemProxy;
			containerPortal = B58F25DC2B96E58E000CAD57 /* Project object */;
			proxyType = 1;
			remoteGlobalIDString = B58F25E32B96E58E000CAD57;
			remoteInfo = OnlineStoreMV;
		};
/* End PBXContainerItemProxy section */

/* Begin PBXFileReference section */
		B559E6752B96EDD3002218EB /* Product.swift */ = {isa = PBXFileReference; lastKnownFileType = sourcecode.swift; path = Product.swift; sourceTree = "<group>"; };
		B559E6772B96EDFC002218EB /* ProductCell.swift */ = {isa = PBXFileReference; lastKnownFileType = sourcecode.swift; path = ProductCell.swift; sourceTree = "<group>"; };
		B559E6792B977A45002218EB /* AddToCartButton.swift */ = {isa = PBXFileReference; lastKnownFileType = sourcecode.swift; path = AddToCartButton.swift; sourceTree = "<group>"; };
		B559E67C2B977B43002218EB /* PlusMinusButton.swift */ = {isa = PBXFileReference; lastKnownFileType = sourcecode.swift; path = PlusMinusButton.swift; sourceTree = "<group>"; };
		B559E6832B97856E002218EB /* CartStore.swift */ = {isa = PBXFileReference; lastKnownFileType = sourcecode.swift; path = CartStore.swift; sourceTree = "<group>"; };
		B559E6852B978624002218EB /* CartItem.swift */ = {isa = PBXFileReference; lastKnownFileType = sourcecode.swift; path = CartItem.swift; sourceTree = "<group>"; };
		B559E6872B97A6EE002218EB /* ProductStore.swift */ = {isa = PBXFileReference; lastKnownFileType = sourcecode.swift; path = ProductStore.swift; sourceTree = "<group>"; };
		B559E68A2B982E6E002218EB /* APIClient.swift */ = {isa = PBXFileReference; lastKnownFileType = sourcecode.swift; path = APIClient.swift; sourceTree = "<group>"; };
		B559E6952B984D84002218EB /* ProductList.swift */ = {isa = PBXFileReference; lastKnownFileType = sourcecode.swift; path = ProductList.swift; sourceTree = "<group>"; };
		B559E69A2B9994AD002218EB /* CartListView.swift */ = {isa = PBXFileReference; lastKnownFileType = sourcecode.swift; path = CartListView.swift; sourceTree = "<group>"; };
		B559E69C2B9995B8002218EB /* CartCell.swift */ = {isa = PBXFileReference; lastKnownFileType = sourcecode.swift; path = CartCell.swift; sourceTree = "<group>"; };
		B559E69E2B9A66D7002218EB /* UserProfile.swift */ = {isa = PBXFileReference; lastKnownFileType = sourcecode.swift; path = UserProfile.swift; sourceTree = "<group>"; };
		B559E6A12B9A671B002218EB /* ProfileView.swift */ = {isa = PBXFileReference; lastKnownFileType = sourcecode.swift; path = ProfileView.swift; sourceTree = "<group>"; };
		B559E6A32B9A67B9002218EB /* AccountStore.swift */ = {isa = PBXFileReference; lastKnownFileType = sourcecode.swift; path = AccountStore.swift; sourceTree = "<group>"; };
		B559E6A62B9A7B5F002218EB /* RootView.swift */ = {isa = PBXFileReference; lastKnownFileType = sourcecode.swift; path = RootView.swift; sourceTree = "<group>"; };
		B559E6AD2B9AF88D002218EB /* OnlineStoreMVTests.xctest */ = {isa = PBXFileReference; explicitFileType = wrapper.cfbundle; includeInIndex = 0; path = OnlineStoreMVTests.xctest; sourceTree = BUILT_PRODUCTS_DIR; };
		B559E6AF2B9AF88D002218EB /* OnlineStoreMVTests.swift */ = {isa = PBXFileReference; lastKnownFileType = sourcecode.swift; path = OnlineStoreMVTests.swift; sourceTree = "<group>"; };
		B559E6B82B9AF8C3002218EB /* CartStoreTest.swift */ = {isa = PBXFileReference; lastKnownFileType = sourcecode.swift; path = CartStoreTest.swift; sourceTree = "<group>"; };
		B58F25E42B96E58E000CAD57 /* OnlineStoreMV.app */ = {isa = PBXFileReference; explicitFileType = wrapper.application; includeInIndex = 0; path = OnlineStoreMV.app; sourceTree = BUILT_PRODUCTS_DIR; };
		B58F25E72B96E58E000CAD57 /* OnlineStoreMVApp.swift */ = {isa = PBXFileReference; lastKnownFileType = sourcecode.swift; path = OnlineStoreMVApp.swift; sourceTree = "<group>"; };
		B58F25EB2B96E58F000CAD57 /* Assets.xcassets */ = {isa = PBXFileReference; lastKnownFileType = folder.assetcatalog; path = Assets.xcassets; sourceTree = "<group>"; };
		B58F25ED2B96E58F000CAD57 /* OnlineStoreMV.entitlements */ = {isa = PBXFileReference; lastKnownFileType = text.plist.entitlements; path = OnlineStoreMV.entitlements; sourceTree = "<group>"; };
		B58F25EF2B96E58F000CAD57 /* Preview Assets.xcassets */ = {isa = PBXFileReference; lastKnownFileType = folder.assetcatalog; path = "Preview Assets.xcassets"; sourceTree = "<group>"; };
/* End PBXFileReference section */

/* Begin PBXFrameworksBuildPhase section */
		B559E6AA2B9AF88D002218EB /* Frameworks */ = {
			isa = PBXFrameworksBuildPhase;
			buildActionMask = 2147483647;
			files = (
			);
			runOnlyForDeploymentPostprocessing = 0;
		};
		B58F25E12B96E58E000CAD57 /* Frameworks */ = {
			isa = PBXFrameworksBuildPhase;
			buildActionMask = 2147483647;
			files = (
			);
			runOnlyForDeploymentPostprocessing = 0;
		};
/* End PBXFrameworksBuildPhase section */

/* Begin PBXGroup section */
		B559E6742B96EDC1002218EB /* Product */ = {
			isa = PBXGroup;
			children = (
				B559E6772B96EDFC002218EB /* ProductCell.swift */,
				B559E6952B984D84002218EB /* ProductList.swift */,
			);
			path = Product;
			sourceTree = "<group>";
		};
		B559E67B2B977B2F002218EB /* AddToCart */ = {
			isa = PBXGroup;
			children = (
				B559E6792B977A45002218EB /* AddToCartButton.swift */,
				B559E67C2B977B43002218EB /* PlusMinusButton.swift */,
			);
			path = AddToCart;
			sourceTree = "<group>";
		};
		B559E6822B9783D5002218EB /* Model */ = {
			isa = PBXGroup;
			children = (
				B559E6832B97856E002218EB /* CartStore.swift */,
				B559E6872B97A6EE002218EB /* ProductStore.swift */,
				B559E6A32B9A67B9002218EB /* AccountStore.swift */,
				B559E6852B978624002218EB /* CartItem.swift */,
				B559E6752B96EDD3002218EB /* Product.swift */,
				B559E69E2B9A66D7002218EB /* UserProfile.swift */,
			);
			path = Model;
			sourceTree = "<group>";
		};
		B559E6892B982E60002218EB /* Network */ = {
			isa = PBXGroup;
			children = (
				B559E68A2B982E6E002218EB /* APIClient.swift */,
			);
			path = Network;
			sourceTree = "<group>";
		};
		B559E6992B99946E002218EB /* Cart */ = {
			isa = PBXGroup;
			children = (
				B559E69A2B9994AD002218EB /* CartListView.swift */,
				B559E69C2B9995B8002218EB /* CartCell.swift */,
			);
			path = Cart;
			sourceTree = "<group>";
		};
		B559E6A02B9A670B002218EB /* Profile */ = {
			isa = PBXGroup;
			children = (
				B559E6A12B9A671B002218EB /* ProfileView.swift */,
			);
			path = Profile;
			sourceTree = "<group>";
		};
		B559E6A52B9A7B4A002218EB /* Root */ = {
			isa = PBXGroup;
			children = (
				B58F25E72B96E58E000CAD57 /* OnlineStoreMVApp.swift */,
				B559E6A62B9A7B5F002218EB /* RootView.swift */,
			);
			path = Root;
			sourceTree = "<group>";
		};
		B559E6A82B9AF872002218EB /* Test */ = {
			isa = PBXGroup;
			children = (
				B559E6B82B9AF8C3002218EB /* CartStoreTest.swift */,
			);
			path = Test;
			sourceTree = "<group>";
		};
		B559E6AE2B9AF88D002218EB /* OnlineStoreMVTests */ = {
			isa = PBXGroup;
			children = (
				B559E6AF2B9AF88D002218EB /* OnlineStoreMVTests.swift */,
			);
			path = OnlineStoreMVTests;
			sourceTree = "<group>";
		};
		B58F25DB2B96E58E000CAD57 = {
			isa = PBXGroup;
			children = (
				B58F25E62B96E58E000CAD57 /* OnlineStoreMV */,
				B559E6AE2B9AF88D002218EB /* OnlineStoreMVTests */,
				B58F25E52B96E58E000CAD57 /* Products */,
			);
			sourceTree = "<group>";
		};
		B58F25E52B96E58E000CAD57 /* Products */ = {
			isa = PBXGroup;
			children = (
				B58F25E42B96E58E000CAD57 /* OnlineStoreMV.app */,
				B559E6AD2B9AF88D002218EB /* OnlineStoreMVTests.xctest */,
			);
			name = Products;
			sourceTree = "<group>";
		};
		B58F25E62B96E58E000CAD57 /* OnlineStoreMV */ = {
			isa = PBXGroup;
			children = (
				B559E6A82B9AF872002218EB /* Test */,
				B559E6A52B9A7B4A002218EB /* Root */,
				B559E6A02B9A670B002218EB /* Profile */,
				B559E6992B99946E002218EB /* Cart */,
				B559E6892B982E60002218EB /* Network */,
				B559E6822B9783D5002218EB /* Model */,
				B559E67B2B977B2F002218EB /* AddToCart */,
				B559E6742B96EDC1002218EB /* Product */,
				B58F25EB2B96E58F000CAD57 /* Assets.xcassets */,
				B58F25ED2B96E58F000CAD57 /* OnlineStoreMV.entitlements */,
				B58F25EE2B96E58F000CAD57 /* Preview Content */,
			);
			path = OnlineStoreMV;
			sourceTree = "<group>";
		};
		B58F25EE2B96E58F000CAD57 /* Preview Content */ = {
			isa = PBXGroup;
			children = (
				B58F25EF2B96E58F000CAD57 /* Preview Assets.xcassets */,
			);
			path = "Preview Content";
			sourceTree = "<group>";
		};
/* End PBXGroup section */

/* Begin PBXNativeTarget section */
		B559E6AC2B9AF88D002218EB /* OnlineStoreMVTests */ = {
			isa = PBXNativeTarget;
			buildConfigurationList = B559E6B32B9AF88D002218EB /* Build configuration list for PBXNativeTarget "OnlineStoreMVTests" */;
			buildPhases = (
				B559E6A92B9AF88D002218EB /* Sources */,
				B559E6AA2B9AF88D002218EB /* Frameworks */,
				B559E6AB2B9AF88D002218EB /* Resources */,
			);
			buildRules = (
			);
			dependencies = (
				B559E6B22B9AF88D002218EB /* PBXTargetDependency */,
			);
			name = OnlineStoreMVTests;
			productName = OnlineStoreMVTests;
			productReference = B559E6AD2B9AF88D002218EB /* OnlineStoreMVTests.xctest */;
			productType = "com.apple.product-type.bundle.unit-test";
		};
		B58F25E32B96E58E000CAD57 /* OnlineStoreMV */ = {
			isa = PBXNativeTarget;
			buildConfigurationList = B58F25F32B96E58F000CAD57 /* Build configuration list for PBXNativeTarget "OnlineStoreMV" */;
			buildPhases = (
				B58F25E02B96E58E000CAD57 /* Sources */,
				B58F25E12B96E58E000CAD57 /* Frameworks */,
				B58F25E22B96E58E000CAD57 /* Resources */,
			);
			buildRules = (
			);
			dependencies = (
			);
			name = OnlineStoreMV;
			productName = OnlineStoreMV;
			productReference = B58F25E42B96E58E000CAD57 /* OnlineStoreMV.app */;
			productType = "com.apple.product-type.application";
		};
/* End PBXNativeTarget section */

/* Begin PBXProject section */
		B58F25DC2B96E58E000CAD57 /* Project object */ = {
			isa = PBXProject;
			attributes = {
				BuildIndependentTargetsInParallel = 1;
				LastSwiftUpdateCheck = 1510;
				LastUpgradeCheck = 1510;
				TargetAttributes = {
					B559E6AC2B9AF88D002218EB = {
						CreatedOnToolsVersion = 15.1;
						TestTargetID = B58F25E32B96E58E000CAD57;
					};
					B58F25E32B96E58E000CAD57 = {
						CreatedOnToolsVersion = 15.1;
					};
				};
			};
			buildConfigurationList = B58F25DF2B96E58E000CAD57 /* Build configuration list for PBXProject "OnlineStoreMV" */;
			compatibilityVersion = "Xcode 14.0";
			developmentRegion = en;
			hasScannedForEncodings = 0;
			knownRegions = (
				en,
				Base,
			);
			mainGroup = B58F25DB2B96E58E000CAD57;
			productRefGroup = B58F25E52B96E58E000CAD57 /* Products */;
			projectDirPath = "";
			projectRoot = "";
			targets = (
				B58F25E32B96E58E000CAD57 /* OnlineStoreMV */,
				B559E6AC2B9AF88D002218EB /* OnlineStoreMVTests */,
			);
		};
/* End PBXProject section */

/* Begin PBXResourcesBuildPhase section */
		B559E6AB2B9AF88D002218EB /* Resources */ = {
			isa = PBXResourcesBuildPhase;
			buildActionMask = 2147483647;
			files = (
			);
			runOnlyForDeploymentPostprocessing = 0;
		};
		B58F25E22B96E58E000CAD57 /* Resources */ = {
			isa = PBXResourcesBuildPhase;
			buildActionMask = 2147483647;
			files = (
				B58F25F02B96E58F000CAD57 /* Preview Assets.xcassets in Resources */,
				B58F25EC2B96E58F000CAD57 /* Assets.xcassets in Resources */,
			);
			runOnlyForDeploymentPostprocessing = 0;
		};
/* End PBXResourcesBuildPhase section */

/* Begin PBXSourcesBuildPhase section */
		B559E6A92B9AF88D002218EB /* Sources */ = {
			isa = PBXSourcesBuildPhase;
			buildActionMask = 2147483647;
			files = (
				B559E6B02B9AF88D002218EB /* OnlineStoreMVTests.swift in Sources */,
				B559E6B92B9AF8C3002218EB /* CartStoreTest.swift in Sources */,
			);
			runOnlyForDeploymentPostprocessing = 0;
		};
		B58F25E02B96E58E000CAD57 /* Sources */ = {
			isa = PBXSourcesBuildPhase;
			buildActionMask = 2147483647;
			files = (
				B559E6882B97A6EE002218EB /* ProductStore.swift in Sources */,
				B559E69D2B9995B8002218EB /* CartCell.swift in Sources */,
				B559E69F2B9A66D7002218EB /* UserProfile.swift in Sources */,
				B559E6A72B9A7B5F002218EB /* RootView.swift in Sources */,
				B559E6782B96EDFC002218EB /* ProductCell.swift in Sources */,
				B559E6A42B9A67B9002218EB /* AccountStore.swift in Sources */,
				B559E68B2B982E6E002218EB /* APIClient.swift in Sources */,
				B559E6962B984D84002218EB /* ProductList.swift in Sources */,
				B559E6A22B9A671B002218EB /* ProfileView.swift in Sources */,
				B559E69B2B9994AD002218EB /* CartListView.swift in Sources */,
				B559E6862B978624002218EB /* CartItem.swift in Sources */,
				B559E6842B97856E002218EB /* CartStore.swift in Sources */,
				B58F25E82B96E58E000CAD57 /* OnlineStoreMVApp.swift in Sources */,
				B559E6762B96EDD3002218EB /* Product.swift in Sources */,
				B559E67D2B977B43002218EB /* PlusMinusButton.swift in Sources */,
				B559E67A2B977A45002218EB /* AddToCartButton.swift in Sources */,
			);
			runOnlyForDeploymentPostprocessing = 0;
		};
/* End PBXSourcesBuildPhase section */

/* Begin PBXTargetDependency section */
		B559E6B22B9AF88D002218EB /* PBXTargetDependency */ = {
			isa = PBXTargetDependency;
			target = B58F25E32B96E58E000CAD57 /* OnlineStoreMV */;
			targetProxy = B559E6B12B9AF88D002218EB /* PBXContainerItemProxy */;
		};
/* End PBXTargetDependency section */

/* Begin XCBuildConfiguration section */
		B559E6B42B9AF88D002218EB /* Debug */ = {
			isa = XCBuildConfiguration;
			buildSettings = {
				BUNDLE_LOADER = "$(TEST_HOST)";
				CODE_SIGN_STYLE = Automatic;
				CURRENT_PROJECT_VERSION = 1;
				DEVELOPMENT_TEAM = LHJA6J73E9;
				GENERATE_INFOPLIST_FILE = YES;
				IPHONEOS_DEPLOYMENT_TARGET = 17.2;
				MARKETING_VERSION = 1.0;
				PRODUCT_BUNDLE_IDENTIFIER = com.swiftandtips.OnlineStoreMVTests;
				PRODUCT_NAME = "$(TARGET_NAME)";
				SDKROOT = iphoneos;
				SWIFT_EMIT_LOC_STRINGS = NO;
				SWIFT_VERSION = 5.0;
				TARGETED_DEVICE_FAMILY = "1,2";
				TEST_HOST = "$(BUILT_PRODUCTS_DIR)/OnlineStoreMV.app/$(BUNDLE_EXECUTABLE_FOLDER_PATH)/OnlineStoreMV";
			};
			name = Debug;
		};
		B559E6B52B9AF88D002218EB /* Release */ = {
			isa = XCBuildConfiguration;
			buildSettings = {
				BUNDLE_LOADER = "$(TEST_HOST)";
				CODE_SIGN_STYLE = Automatic;
				CURRENT_PROJECT_VERSION = 1;
				DEVELOPMENT_TEAM = LHJA6J73E9;
				GENERATE_INFOPLIST_FILE = YES;
				IPHONEOS_DEPLOYMENT_TARGET = 17.2;
				MARKETING_VERSION = 1.0;
				PRODUCT_BUNDLE_IDENTIFIER = com.swiftandtips.OnlineStoreMVTests;
				PRODUCT_NAME = "$(TARGET_NAME)";
				SDKROOT = iphoneos;
				SWIFT_EMIT_LOC_STRINGS = NO;
				SWIFT_VERSION = 5.0;
				TARGETED_DEVICE_FAMILY = "1,2";
				TEST_HOST = "$(BUILT_PRODUCTS_DIR)/OnlineStoreMV.app/$(BUNDLE_EXECUTABLE_FOLDER_PATH)/OnlineStoreMV";
				VALIDATE_PRODUCT = YES;
			};
			name = Release;
		};
		B58F25F12B96E58F000CAD57 /* Debug */ = {
			isa = XCBuildConfiguration;
			buildSettings = {
				ALWAYS_SEARCH_USER_PATHS = NO;
				ASSETCATALOG_COMPILER_GENERATE_SWIFT_ASSET_SYMBOL_EXTENSIONS = YES;
				CLANG_ANALYZER_NONNULL = YES;
				CLANG_ANALYZER_NUMBER_OBJECT_CONVERSION = YES_AGGRESSIVE;
				CLANG_CXX_LANGUAGE_STANDARD = "gnu++20";
				CLANG_ENABLE_MODULES = YES;
				CLANG_ENABLE_OBJC_ARC = YES;
				CLANG_ENABLE_OBJC_WEAK = YES;
				CLANG_WARN_BLOCK_CAPTURE_AUTORELEASING = YES;
				CLANG_WARN_BOOL_CONVERSION = YES;
				CLANG_WARN_COMMA = YES;
				CLANG_WARN_CONSTANT_CONVERSION = YES;
				CLANG_WARN_DEPRECATED_OBJC_IMPLEMENTATIONS = YES;
				CLANG_WARN_DIRECT_OBJC_ISA_USAGE = YES_ERROR;
				CLANG_WARN_DOCUMENTATION_COMMENTS = YES;
				CLANG_WARN_EMPTY_BODY = YES;
				CLANG_WARN_ENUM_CONVERSION = YES;
				CLANG_WARN_INFINITE_RECURSION = YES;
				CLANG_WARN_INT_CONVERSION = YES;
				CLANG_WARN_NON_LITERAL_NULL_CONVERSION = YES;
				CLANG_WARN_OBJC_IMPLICIT_RETAIN_SELF = YES;
				CLANG_WARN_OBJC_LITERAL_CONVERSION = YES;
				CLANG_WARN_OBJC_ROOT_CLASS = YES_ERROR;
				CLANG_WARN_QUOTED_INCLUDE_IN_FRAMEWORK_HEADER = YES;
				CLANG_WARN_RANGE_LOOP_ANALYSIS = YES;
				CLANG_WARN_STRICT_PROTOTYPES = YES;
				CLANG_WARN_SUSPICIOUS_MOVE = YES;
				CLANG_WARN_UNGUARDED_AVAILABILITY = YES_AGGRESSIVE;
				CLANG_WARN_UNREACHABLE_CODE = YES;
				CLANG_WARN__DUPLICATE_METHOD_MATCH = YES;
				COPY_PHASE_STRIP = NO;
				DEBUG_INFORMATION_FORMAT = dwarf;
				ENABLE_STRICT_OBJC_MSGSEND = YES;
				ENABLE_TESTABILITY = YES;
				ENABLE_USER_SCRIPT_SANDBOXING = YES;
				GCC_C_LANGUAGE_STANDARD = gnu17;
				GCC_DYNAMIC_NO_PIC = NO;
				GCC_NO_COMMON_BLOCKS = YES;
				GCC_OPTIMIZATION_LEVEL = 0;
				GCC_PREPROCESSOR_DEFINITIONS = (
					"DEBUG=1",
					"$(inherited)",
				);
				GCC_WARN_64_TO_32_BIT_CONVERSION = YES;
				GCC_WARN_ABOUT_RETURN_TYPE = YES_ERROR;
				GCC_WARN_UNDECLARED_SELECTOR = YES;
				GCC_WARN_UNINITIALIZED_AUTOS = YES_AGGRESSIVE;
				GCC_WARN_UNUSED_FUNCTION = YES;
				GCC_WARN_UNUSED_VARIABLE = YES;
				LOCALIZATION_PREFERS_STRING_CATALOGS = YES;
				MTL_ENABLE_DEBUG_INFO = INCLUDE_SOURCE;
				MTL_FAST_MATH = YES;
				ONLY_ACTIVE_ARCH = YES;
				SWIFT_ACTIVE_COMPILATION_CONDITIONS = "DEBUG $(inherited)";
				SWIFT_OPTIMIZATION_LEVEL = "-Onone";
			};
			name = Debug;
		};
		B58F25F22B96E58F000CAD57 /* Release */ = {
			isa = XCBuildConfiguration;
			buildSettings = {
				ALWAYS_SEARCH_USER_PATHS = NO;
				ASSETCATALOG_COMPILER_GENERATE_SWIFT_ASSET_SYMBOL_EXTENSIONS = YES;
				CLANG_ANALYZER_NONNULL = YES;
				CLANG_ANALYZER_NUMBER_OBJECT_CONVERSION = YES_AGGRESSIVE;
				CLANG_CXX_LANGUAGE_STANDARD = "gnu++20";
				CLANG_ENABLE_MODULES = YES;
				CLANG_ENABLE_OBJC_ARC = YES;
				CLANG_ENABLE_OBJC_WEAK = YES;
				CLANG_WARN_BLOCK_CAPTURE_AUTORELEASING = YES;
				CLANG_WARN_BOOL_CONVERSION = YES;
				CLANG_WARN_COMMA = YES;
				CLANG_WARN_CONSTANT_CONVERSION = YES;
				CLANG_WARN_DEPRECATED_OBJC_IMPLEMENTATIONS = YES;
				CLANG_WARN_DIRECT_OBJC_ISA_USAGE = YES_ERROR;
				CLANG_WARN_DOCUMENTATION_COMMENTS = YES;
				CLANG_WARN_EMPTY_BODY = YES;
				CLANG_WARN_ENUM_CONVERSION = YES;
				CLANG_WARN_INFINITE_RECURSION = YES;
				CLANG_WARN_INT_CONVERSION = YES;
				CLANG_WARN_NON_LITERAL_NULL_CONVERSION = YES;
				CLANG_WARN_OBJC_IMPLICIT_RETAIN_SELF = YES;
				CLANG_WARN_OBJC_LITERAL_CONVERSION = YES;
				CLANG_WARN_OBJC_ROOT_CLASS = YES_ERROR;
				CLANG_WARN_QUOTED_INCLUDE_IN_FRAMEWORK_HEADER = YES;
				CLANG_WARN_RANGE_LOOP_ANALYSIS = YES;
				CLANG_WARN_STRICT_PROTOTYPES = YES;
				CLANG_WARN_SUSPICIOUS_MOVE = YES;
				CLANG_WARN_UNGUARDED_AVAILABILITY = YES_AGGRESSIVE;
				CLANG_WARN_UNREACHABLE_CODE = YES;
				CLANG_WARN__DUPLICATE_METHOD_MATCH = YES;
				COPY_PHASE_STRIP = NO;
				DEBUG_INFORMATION_FORMAT = "dwarf-with-dsym";
				ENABLE_NS_ASSERTIONS = NO;
				ENABLE_STRICT_OBJC_MSGSEND = YES;
				ENABLE_USER_SCRIPT_SANDBOXING = YES;
				GCC_C_LANGUAGE_STANDARD = gnu17;
				GCC_NO_COMMON_BLOCKS = YES;
				GCC_WARN_64_TO_32_BIT_CONVERSION = YES;
				GCC_WARN_ABOUT_RETURN_TYPE = YES_ERROR;
				GCC_WARN_UNDECLARED_SELECTOR = YES;
				GCC_WARN_UNINITIALIZED_AUTOS = YES_AGGRESSIVE;
				GCC_WARN_UNUSED_FUNCTION = YES;
				GCC_WARN_UNUSED_VARIABLE = YES;
				LOCALIZATION_PREFERS_STRING_CATALOGS = YES;
				MTL_ENABLE_DEBUG_INFO = NO;
				MTL_FAST_MATH = YES;
				SWIFT_COMPILATION_MODE = wholemodule;
			};
			name = Release;
		};
		B58F25F42B96E58F000CAD57 /* Debug */ = {
			isa = XCBuildConfiguration;
			buildSettings = {
				ASSETCATALOG_COMPILER_APPICON_NAME = AppIcon;
				ASSETCATALOG_COMPILER_GLOBAL_ACCENT_COLOR_NAME = AccentColor;
				CODE_SIGN_ENTITLEMENTS = OnlineStoreMV/OnlineStoreMV.entitlements;
				CODE_SIGN_STYLE = Automatic;
				CURRENT_PROJECT_VERSION = 1;
				DEVELOPMENT_ASSET_PATHS = "\"OnlineStoreMV/Preview Content\"";
				DEVELOPMENT_TEAM = LHJA6J73E9;
				ENABLE_HARDENED_RUNTIME = YES;
				ENABLE_PREVIEWS = YES;
				GENERATE_INFOPLIST_FILE = YES;
				"INFOPLIST_KEY_UIApplicationSceneManifest_Generation[sdk=iphoneos*]" = YES;
				"INFOPLIST_KEY_UIApplicationSceneManifest_Generation[sdk=iphonesimulator*]" = YES;
				"INFOPLIST_KEY_UIApplicationSupportsIndirectInputEvents[sdk=iphoneos*]" = YES;
				"INFOPLIST_KEY_UIApplicationSupportsIndirectInputEvents[sdk=iphonesimulator*]" = YES;
				"INFOPLIST_KEY_UILaunchScreen_Generation[sdk=iphoneos*]" = YES;
				"INFOPLIST_KEY_UILaunchScreen_Generation[sdk=iphonesimulator*]" = YES;
				"INFOPLIST_KEY_UIStatusBarStyle[sdk=iphoneos*]" = UIStatusBarStyleDefault;
				"INFOPLIST_KEY_UIStatusBarStyle[sdk=iphonesimulator*]" = UIStatusBarStyleDefault;
				INFOPLIST_KEY_UISupportedInterfaceOrientations_iPad = "UIInterfaceOrientationPortrait UIInterfaceOrientationPortraitUpsideDown UIInterfaceOrientationLandscapeLeft UIInterfaceOrientationLandscapeRight";
				INFOPLIST_KEY_UISupportedInterfaceOrientations_iPhone = "UIInterfaceOrientationPortrait UIInterfaceOrientationLandscapeLeft UIInterfaceOrientationLandscapeRight";
				IPHONEOS_DEPLOYMENT_TARGET = 17.2;
				LD_RUNPATH_SEARCH_PATHS = "@executable_path/Frameworks";
				"LD_RUNPATH_SEARCH_PATHS[sdk=macosx*]" = "@executable_path/../Frameworks";
				MACOSX_DEPLOYMENT_TARGET = 13.6;
				MARKETING_VERSION = 1.0;
				PRODUCT_BUNDLE_IDENTIFIER = com.swiftandtips.OnlineStoreMV;
				PRODUCT_NAME = "$(TARGET_NAME)";
				SDKROOT = auto;
				SUPPORTED_PLATFORMS = "iphoneos iphonesimulator macosx";
				SWIFT_EMIT_LOC_STRINGS = YES;
				SWIFT_VERSION = 5.0;
				TARGETED_DEVICE_FAMILY = "1,2";
			};
			name = Debug;
		};
		B58F25F52B96E58F000CAD57 /* Release */ = {
			isa = XCBuildConfiguration;
			buildSettings = {
				ASSETCATALOG_COMPILER_APPICON_NAME = AppIcon;
				ASSETCATALOG_COMPILER_GLOBAL_ACCENT_COLOR_NAME = AccentColor;
				CODE_SIGN_ENTITLEMENTS = OnlineStoreMV/OnlineStoreMV.entitlements;
				CODE_SIGN_STYLE = Automatic;
				CURRENT_PROJECT_VERSION = 1;
				DEVELOPMENT_ASSET_PATHS = "\"OnlineStoreMV/Preview Content\"";
				DEVELOPMENT_TEAM = LHJA6J73E9;
				ENABLE_HARDENED_RUNTIME = YES;
				ENABLE_PREVIEWS = YES;
				GENERATE_INFOPLIST_FILE = YES;
				"INFOPLIST_KEY_UIApplicationSceneManifest_Generation[sdk=iphoneos*]" = YES;
				"INFOPLIST_KEY_UIApplicationSceneManifest_Generation[sdk=iphonesimulator*]" = YES;
				"INFOPLIST_KEY_UIApplicationSupportsIndirectInputEvents[sdk=iphoneos*]" = YES;
				"INFOPLIST_KEY_UIApplicationSupportsIndirectInputEvents[sdk=iphonesimulator*]" = YES;
				"INFOPLIST_KEY_UILaunchScreen_Generation[sdk=iphoneos*]" = YES;
				"INFOPLIST_KEY_UILaunchScreen_Generation[sdk=iphonesimulator*]" = YES;
				"INFOPLIST_KEY_UIStatusBarStyle[sdk=iphoneos*]" = UIStatusBarStyleDefault;
				"INFOPLIST_KEY_UIStatusBarStyle[sdk=iphonesimulator*]" = UIStatusBarStyleDefault;
				INFOPLIST_KEY_UISupportedInterfaceOrientations_iPad = "UIInterfaceOrientationPortrait UIInterfaceOrientationPortraitUpsideDown UIInterfaceOrientationLandscapeLeft UIInterfaceOrientationLandscapeRight";
				INFOPLIST_KEY_UISupportedInterfaceOrientations_iPhone = "UIInterfaceOrientationPortrait UIInterfaceOrientationLandscapeLeft UIInterfaceOrientationLandscapeRight";
				IPHONEOS_DEPLOYMENT_TARGET = 17.2;
				LD_RUNPATH_SEARCH_PATHS = "@executable_path/Frameworks";
				"LD_RUNPATH_SEARCH_PATHS[sdk=macosx*]" = "@executable_path/../Frameworks";
				MACOSX_DEPLOYMENT_TARGET = 13.6;
				MARKETING_VERSION = 1.0;
				PRODUCT_BUNDLE_IDENTIFIER = com.swiftandtips.OnlineStoreMV;
				PRODUCT_NAME = "$(TARGET_NAME)";
				SDKROOT = auto;
				SUPPORTED_PLATFORMS = "iphoneos iphonesimulator macosx";
				SWIFT_EMIT_LOC_STRINGS = YES;
				SWIFT_VERSION = 5.0;
				TARGETED_DEVICE_FAMILY = "1,2";
			};
			name = Release;
		};
/* End XCBuildConfiguration section */

/* Begin XCConfigurationList section */
		B559E6B32B9AF88D002218EB /* Build configuration list for PBXNativeTarget "OnlineStoreMVTests" */ = {
			isa = XCConfigurationList;
			buildConfigurations = (
				B559E6B42B9AF88D002218EB /* Debug */,
				B559E6B52B9AF88D002218EB /* Release */,
			);
			defaultConfigurationIsVisible = 0;
			defaultConfigurationName = Release;
		};
		B58F25DF2B96E58E000CAD57 /* Build configuration list for PBXProject "OnlineStoreMV" */ = {
			isa = XCConfigurationList;
			buildConfigurations = (
				B58F25F12B96E58F000CAD57 /* Debug */,
				B58F25F22B96E58F000CAD57 /* Release */,
			);
			defaultConfigurationIsVisible = 0;
			defaultConfigurationName = Release;
		};
		B58F25F32B96E58F000CAD57 /* Build configuration list for PBXNativeTarget "OnlineStoreMV" */ = {
			isa = XCConfigurationList;
			buildConfigurations = (
				B58F25F42B96E58F000CAD57 /* Debug */,
				B58F25F52B96E58F000CAD57 /* Release */,
			);
			defaultConfigurationIsVisible = 0;
			defaultConfigurationName = Release;
		};
/* End XCConfigurationList section */
	};
	rootObject = B58F25DC2B96E58E000CAD57 /* Project object */;
}
